
Microsoft Visual Studio Solution File, Format Version 12.00
# Visual Studio Version 17
VisualStudioVersion = 17.5.33516.290
MinimumVisualStudioVersion = 10.0.40219.1
Project("{9A19103F-16F7-4668-BE54-9A1E7A4F7556}") = "DndEncounter", "DndEncounter.csproj", "{D67D1D52-6B91-464C-9F56-3B26C0E69880}"
EndProject
Project("{9A19103F-16F7-4668-BE54-9A1E7A4F7556}") = "DndHelper", "..\CharacterSheet\DndHelper.csproj", "{BA82FE70-90B3-41A3-BE72-9528DBDE57AC}"
EndProject
Global
	GlobalSection(SolutionConfigurationPlatforms) = preSolution
		Debug|Any CPU = Debug|Any CPU
		Release|Any CPU = Release|Any CPU
	EndGlobalSection
	GlobalSection(ProjectConfigurationPlatforms) = postSolution
		{D67D1D52-6B91-464C-9F56-3B26C0E69880}.Debug|Any CPU.ActiveCfg = Debug|Any CPU
		{D67D1D52-6B91-464C-9F56-3B26C0E69880}.Debug|Any CPU.Build.0 = Debug|Any CPU
		{D67D1D52-6B91-464C-9F56-3B26C0E69880}.Release|Any CPU.ActiveCfg = Release|Any CPU
		{D67D1D52-6B91-464C-9F56-3B26C0E69880}.Release|Any CPU.Build.0 = Release|Any CPU
		{BA82FE70-90B3-41A3-BE72-9528DBDE57AC}.Debug|Any CPU.ActiveCfg = Debug|Any CPU
		{BA82FE70-90B3-41A3-BE72-9528DBDE57AC}.Debug|Any CPU.Build.0 = Debug|Any CPU
		{BA82FE70-90B3-41A3-BE72-9528DBDE57AC}.Release|Any CPU.ActiveCfg = Release|Any CPU
		{BA82FE70-90B3-41A3-BE72-9528DBDE57AC}.Release|Any CPU.Build.0 = Release|Any CPU
	EndGlobalSection
	GlobalSection(SolutionProperties) = preSolution
		HideSolutionNode = FALSE
	EndGlobalSection
	GlobalSection(ExtensibilityGlobals) = postSolution
		SolutionGuid = {75D01FB6-06AE-4057-9DB1-73729448BC67}
	EndGlobalSection
EndGlobal
